
Microsoft Visual Studio Solution File, Format Version 12.00
# Visual Studio Version 16
VisualStudioVersion = 16.0.30711.63
MinimumVisualStudioVersion = 10.0.40219.1
Project("{FAE04EC0-301F-11D3-BF4B-00C04F79EFBC}") = "LetsMeet_server", "LetsMeet_server\LetsMeet_server.csproj", "{CA5B10BD-F3E5-41A0-831E-118A80F61987}"
EndProject
Global
	GlobalSection(SolutionConfigurationPlatforms) = preSolution
		Debug|Any CPU = Debug|Any CPU
		Release|Any CPU = Release|Any CPU
	EndGlobalSection
	GlobalSection(ProjectConfigurationPlatforms) = postSolution
		{CA5B10BD-F3E5-41A0-831E-118A80F61987}.Debug|Any CPU.ActiveCfg = Debug|Any CPU
		{CA5B10BD-F3E5-41A0-831E-118A80F61987}.Debug|Any CPU.Build.0 = Debug|Any CPU
		{CA5B10BD-F3E5-41A0-831E-118A80F61987}.Release|Any CPU.ActiveCfg = Release|Any CPU
		{CA5B10BD-F3E5-41A0-831E-118A80F61987}.Release|Any CPU.Build.0 = Release|Any CPU
	EndGlobalSection
	GlobalSection(SolutionProperties) = preSolution
		HideSolutionNode = FALSE
	EndGlobalSection
	GlobalSection(ExtensibilityGlobals) = postSolution
		SolutionGuid = {B05EAF9E-5D7F-437A-A99D-D43CB00DDCD2}
	EndGlobalSection
EndGlobal
